
Microsoft Visual Studio Solution File, Format Version 12.00
# Visual Studio Version 16
VisualStudioVersion = 16.0.31729.503
MinimumVisualStudioVersion = 10.0.40219.1
Project("{FAE04EC0-301F-11D3-BF4B-00C04F79EFBC}") = "ConsoleApp6", "ConsoleApp6\ConsoleApp6.csproj", "{C2E79516-1946-4AEC-841A-7CA80EE2537D}"
EndProject
Global
	GlobalSection(SolutionConfigurationPlatforms) = preSolution
		Debug|Any CPU = Debug|Any CPU
		Release|Any CPU = Release|Any CPU
	EndGlobalSection
	GlobalSection(ProjectConfigurationPlatforms) = postSolution
		{C2E79516-1946-4AEC-841A-7CA80EE2537D}.Debug|Any CPU.ActiveCfg = Debug|Any CPU
		{C2E79516-1946-4AEC-841A-7CA80EE2537D}.Debug|Any CPU.Build.0 = Debug|Any CPU
		{C2E79516-1946-4AEC-841A-7CA80EE2537D}.Release|Any CPU.ActiveCfg = Release|Any CPU
		{C2E79516-1946-4AEC-841A-7CA80EE2537D}.Release|Any CPU.Build.0 = Release|Any CPU
	EndGlobalSection
	GlobalSection(SolutionProperties) = preSolution
		HideSolutionNode = FALSE
	EndGlobalSection
	GlobalSection(ExtensibilityGlobals) = postSolution
		SolutionGuid = {723A3E57-8A31-4966-A4D4-CC2079EAAFB8}
	EndGlobalSection
EndGlobal
